
Microsoft Visual Studio Solution File, Format Version 12.00
# Visual Studio Version 17
VisualStudioVersion = 17.6.33815.320
MinimumVisualStudioVersion = 10.0.40219.1
Project("{FAE04EC0-301F-11D3-BF4B-00C04F79EFBC}") = "ModuleTopology", "ModuleTopology\ModuleTopology.csproj", "{4448A6C1-80A0-4756-A27D-25A6FB45BEDE}"
EndProject
Global
	GlobalSection(SolutionConfigurationPlatforms) = preSolution
		Debug|Any CPU = Debug|Any CPU
		Release|Any CPU = Release|Any CPU
	EndGlobalSection
	GlobalSection(ProjectConfigurationPlatforms) = postSolution
		{4448A6C1-80A0-4756-A27D-25A6FB45BEDE}.Debug|Any CPU.ActiveCfg = Debug|Any CPU
		{4448A6C1-80A0-4756-A27D-25A6FB45BEDE}.Debug|Any CPU.Build.0 = Debug|Any CPU
		{4448A6C1-80A0-4756-A27D-25A6FB45BEDE}.Release|Any CPU.ActiveCfg = Release|Any CPU
		{4448A6C1-80A0-4756-A27D-25A6FB45BEDE}.Release|Any CPU.Build.0 = Release|Any CPU
	EndGlobalSection
	GlobalSection(SolutionProperties) = preSolution
		HideSolutionNode = FALSE
	EndGlobalSection
	GlobalSection(ExtensibilityGlobals) = postSolution
		SolutionGuid = {ACB69939-D49A-4705-9EF5-666D17BD6E7B}
	EndGlobalSection
EndGlobal
